// !$*UTF8*$!
{
	archiveVersion = 1;
	classes = {
	};
	objectVersion = 56;
	objects = {

/* Begin PBXBuildFile section */
		48982C4B2B72F06D0084254F /* TutorialAppleApp.swift in Sources */ = {isa = PBXBuildFile; fileRef = 48982C4A2B72F06D0084254F /* TutorialAppleApp.swift */; };
		48982C4D2B72F06D0084254F /* ContentView.swift in Sources */ = {isa = PBXBuildFile; fileRef = 48982C4C2B72F06D0084254F /* ContentView.swift */; };
		48982C4F2B72F0710084254F /* Assets.xcassets in Resources */ = {isa = PBXBuildFile; fileRef = 48982C4E2B72F0710084254F /* Assets.xcassets */; };
		48982C522B72F0710084254F /* Preview Assets.xcassets in Resources */ = {isa = PBXBuildFile; fileRef = 48982C512B72F0710084254F /* Preview Assets.xcassets */; };
		48982C5C2B72F1910084254F /* landmarkData.json in Resources */ = {isa = PBXBuildFile; fileRef = 48982C5A2B72F1910084254F /* landmarkData.json */; };
		48982C5D2B72F1910084254F /* hikeData.json in Resources */ = {isa = PBXBuildFile; fileRef = 48982C5B2B72F1910084254F /* hikeData.json */; };
		48982C602B72F1E20084254F /* Hike.swift in Sources */ = {isa = PBXBuildFile; fileRef = 48982C5F2B72F1E20084254F /* Hike.swift */; };
		48982C622B72F1F30084254F /* Landmark.swift in Sources */ = {isa = PBXBuildFile; fileRef = 48982C612B72F1F30084254F /* Landmark.swift */; };
		48982C642B72F2040084254F /* ModelData.swift in Sources */ = {isa = PBXBuildFile; fileRef = 48982C632B72F2040084254F /* ModelData.swift */; };
		48982C682B72F2570084254F /* Badge.swift in Sources */ = {isa = PBXBuildFile; fileRef = 48982C672B72F2570084254F /* Badge.swift */; };
		48982C6A2B72F2710084254F /* BadgeBackground.swift in Sources */ = {isa = PBXBuildFile; fileRef = 48982C692B72F2710084254F /* BadgeBackground.swift */; };
		48982C6C2B72F35B0084254F /* BadgeSymbol.swift in Sources */ = {isa = PBXBuildFile; fileRef = 48982C6B2B72F35B0084254F /* BadgeSymbol.swift */; };
		48982C6E2B72F39C0084254F /* HexagonParameters.swift in Sources */ = {isa = PBXBuildFile; fileRef = 48982C6D2B72F39C0084254F /* HexagonParameters.swift */; };
		48982C702B72F3B40084254F /* RotatedBadgeSymbol.swift in Sources */ = {isa = PBXBuildFile; fileRef = 48982C6F2B72F3B40084254F /* RotatedBadgeSymbol.swift */; };
		48982C732B72F3E90084254F /* CircleImage.swift in Sources */ = {isa = PBXBuildFile; fileRef = 48982C722B72F3E90084254F /* CircleImage.swift */; };
		48982C752B72F3F80084254F /*  FavoriteButton.swift in Sources */ = {isa = PBXBuildFile; fileRef = 48982C742B72F3F80084254F /*  FavoriteButton.swift */; };
		48982C772B72F4090084254F /* MapView.swift in Sources */ = {isa = PBXBuildFile; fileRef = 48982C762B72F4090084254F /* MapView.swift */; };
		48982C7A2B72F4740084254F /* GraphCapsule.swift in Sources */ = {isa = PBXBuildFile; fileRef = 48982C792B72F4740084254F /* GraphCapsule.swift */; };
		48982C7C2B72F4860084254F /* HikeDetail.swift in Sources */ = {isa = PBXBuildFile; fileRef = 48982C7B2B72F4860084254F /* HikeDetail.swift */; };
		48982C7E2B72F49A0084254F /* HikeGraph.swift in Sources */ = {isa = PBXBuildFile; fileRef = 48982C7D2B72F49A0084254F /* HikeGraph.swift */; };
		48982C802B72F4C00084254F /* HikeView.swift in Sources */ = {isa = PBXBuildFile; fileRef = 48982C7F2B72F4C00084254F /* HikeView.swift */; };
		48982C832B72F4E10084254F /* LandmarkDetail.swift in Sources */ = {isa = PBXBuildFile; fileRef = 48982C822B72F4E10084254F /* LandmarkDetail.swift */; };
		48982C852B72F4F30084254F /* LandmarkList.swift in Sources */ = {isa = PBXBuildFile; fileRef = 48982C842B72F4F30084254F /* LandmarkList.swift */; };
		48982C872B72F5050084254F /* LandmarkRow.swift in Sources */ = {isa = PBXBuildFile; fileRef = 48982C862B72F5050084254F /* LandmarkRow.swift */; };
		48982C8A2B72F5220084254F /* CategoryHome.swift in Sources */ = {isa = PBXBuildFile; fileRef = 48982C892B72F5220084254F /* CategoryHome.swift */; };
		48982C8C2B72F5340084254F /* CategoryItem.swift in Sources */ = {isa = PBXBuildFile; fileRef = 48982C8B2B72F5340084254F /* CategoryItem.swift */; };
		48982C8E2B72F5430084254F /* CategoryRow.swift in Sources */ = {isa = PBXBuildFile; fileRef = 48982C8D2B72F5430084254F /* CategoryRow.swift */; };
/* End PBXBuildFile section */

/* Begin PBXFileReference section */
		48982C472B72F06D0084254F /* TutorialApple.app */ = {isa = PBXFileReference; explicitFileType = wrapper.application; includeInIndex = 0; path = TutorialApple.app; sourceTree = BUILT_PRODUCTS_DIR; };
		48982C4A2B72F06D0084254F /* TutorialAppleApp.swift */ = {isa = PBXFileReference; lastKnownFileType = sourcecode.swift; path = TutorialAppleApp.swift; sourceTree = "<group>"; };
		48982C4C2B72F06D0084254F /* ContentView.swift */ = {isa = PBXFileReference; lastKnownFileType = sourcecode.swift; path = ContentView.swift; sourceTree = "<group>"; };
		48982C4E2B72F0710084254F /* Assets.xcassets */ = {isa = PBXFileReference; lastKnownFileType = folder.assetcatalog; path = Assets.xcassets; sourceTree = "<group>"; };
		48982C512B72F0710084254F /* Preview Assets.xcassets */ = {isa = PBXFileReference; lastKnownFileType = folder.assetcatalog; path = "Preview Assets.xcassets"; sourceTree = "<group>"; };
		48982C5A2B72F1910084254F /* landmarkData.json */ = {isa = PBXFileReference; fileEncoding = 4; lastKnownFileType = text.json; path = landmarkData.json; sourceTree = "<group>"; };
		48982C5B2B72F1910084254F /* hikeData.json */ = {isa = PBXFileReference; fileEncoding = 4; lastKnownFileType = text.json; path = hikeData.json; sourceTree = "<group>"; };
		48982C5F2B72F1E20084254F /* Hike.swift */ = {isa = PBXFileReference; lastKnownFileType = sourcecode.swift; path = Hike.swift; sourceTree = "<group>"; };
		48982C612B72F1F30084254F /* Landmark.swift */ = {isa = PBXFileReference; lastKnownFileType = sourcecode.swift; path = Landmark.swift; sourceTree = "<group>"; };
		48982C632B72F2040084254F /* ModelData.swift */ = {isa = PBXFileReference; lastKnownFileType = sourcecode.swift; path = ModelData.swift; sourceTree = "<group>"; };
		48982C672B72F2570084254F /* Badge.swift */ = {isa = PBXFileReference; lastKnownFileType = sourcecode.swift; path = Badge.swift; sourceTree = "<group>"; };
		48982C692B72F2710084254F /* BadgeBackground.swift */ = {isa = PBXFileReference; lastKnownFileType = sourcecode.swift; path = BadgeBackground.swift; sourceTree = "<group>"; };
		48982C6B2B72F35B0084254F /* BadgeSymbol.swift */ = {isa = PBXFileReference; lastKnownFileType = sourcecode.swift; path = BadgeSymbol.swift; sourceTree = "<group>"; };
		48982C6D2B72F39C0084254F /* HexagonParameters.swift */ = {isa = PBXFileReference; lastKnownFileType = sourcecode.swift; path = HexagonParameters.swift; sourceTree = "<group>"; };
		48982C6F2B72F3B40084254F /* RotatedBadgeSymbol.swift */ = {isa = PBXFileReference; lastKnownFileType = sourcecode.swift; path = RotatedBadgeSymbol.swift; sourceTree = "<group>"; };
		48982C722B72F3E90084254F /* CircleImage.swift */ = {isa = PBXFileReference; lastKnownFileType = sourcecode.swift; path = CircleImage.swift; sourceTree = "<group>"; };
		48982C742B72F3F80084254F /*  FavoriteButton.swift */ = {isa = PBXFileReference; lastKnownFileType = sourcecode.swift; path = " FavoriteButton.swift"; sourceTree = "<group>"; };
		48982C762B72F4090084254F /* MapView.swift */ = {isa = PBXFileReference; lastKnownFileType = sourcecode.swift; path = MapView.swift; sourceTree = "<group>"; };
		48982C792B72F4740084254F /* GraphCapsule.swift */ = {isa = PBXFileReference; lastKnownFileType = sourcecode.swift; path = GraphCapsule.swift; sourceTree = "<group>"; };
		48982C7B2B72F4860084254F /* HikeDetail.swift */ = {isa = PBXFileReference; lastKnownFileType = sourcecode.swift; path = HikeDetail.swift; sourceTree = "<group>"; };
		48982C7D2B72F49A0084254F /* HikeGraph.swift */ = {isa = PBXFileReference; lastKnownFileType = sourcecode.swift; path = HikeGraph.swift; sourceTree = "<group>"; };
		48982C7F2B72F4C00084254F /* HikeView.swift */ = {isa = PBXFileReference; lastKnownFileType = sourcecode.swift; path = HikeView.swift; sourceTree = "<group>"; };
		48982C822B72F4E10084254F /* LandmarkDetail.swift */ = {isa = PBXFileReference; lastKnownFileType = sourcecode.swift; path = LandmarkDetail.swift; sourceTree = "<group>"; };
		48982C842B72F4F30084254F /* LandmarkList.swift */ = {isa = PBXFileReference; lastKnownFileType = sourcecode.swift; path = LandmarkList.swift; sourceTree = "<group>"; };
		48982C862B72F5050084254F /* LandmarkRow.swift */ = {isa = PBXFileReference; lastKnownFileType = sourcecode.swift; path = LandmarkRow.swift; sourceTree = "<group>"; };
		48982C892B72F5220084254F /* CategoryHome.swift */ = {isa = PBXFileReference; lastKnownFileType = sourcecode.swift; path = CategoryHome.swift; sourceTree = "<group>"; };
		48982C8B2B72F5340084254F /* CategoryItem.swift */ = {isa = PBXFileReference; lastKnownFileType = sourcecode.swift; path = CategoryItem.swift; sourceTree = "<group>"; };
		48982C8D2B72F5430084254F /* CategoryRow.swift */ = {isa = PBXFileReference; lastKnownFileType = sourcecode.swift; path = CategoryRow.swift; sourceTree = "<group>"; };
/* End PBXFileReference section */

/* Begin PBXFrameworksBuildPhase section */
		48982C442B72F06D0084254F /* Frameworks */ = {
			isa = PBXFrameworksBuildPhase;
			buildActionMask = 2147483647;
			files = (
			);
			runOnlyForDeploymentPostprocessing = 0;
		};
/* End PBXFrameworksBuildPhase section */

/* Begin PBXGroup section */
		48982C3E2B72F06D0084254F = {
			isa = PBXGroup;
			children = (
				48982C492B72F06D0084254F /* TutorialApple */,
				48982C482B72F06D0084254F /* Products */,
			);
			sourceTree = "<group>";
		};
		48982C482B72F06D0084254F /* Products */ = {
			isa = PBXGroup;
			children = (
				48982C472B72F06D0084254F /* TutorialApple.app */,
			);
			name = Products;
			sourceTree = "<group>";
		};
		48982C492B72F06D0084254F /* TutorialApple */ = {
			isa = PBXGroup;
			children = (
				48982C652B72F21C0084254F /* Views */,
				48982C5E2B72F1B90084254F /* Models */,
				48982C592B72F1220084254F /* Resources */,
				48982C4A2B72F06D0084254F /* TutorialAppleApp.swift */,
				48982C4C2B72F06D0084254F /* ContentView.swift */,
				48982C4E2B72F0710084254F /* Assets.xcassets */,
				48982C502B72F0710084254F /* Preview Content */,
			);
			path = TutorialApple;
			sourceTree = "<group>";
		};
		48982C502B72F0710084254F /* Preview Content */ = {
			isa = PBXGroup;
			children = (
				48982C512B72F0710084254F /* Preview Assets.xcassets */,
			);
			path = "Preview Content";
			sourceTree = "<group>";
		};
		48982C592B72F1220084254F /* Resources */ = {
			isa = PBXGroup;
			children = (
				48982C5B2B72F1910084254F /* hikeData.json */,
				48982C5A2B72F1910084254F /* landmarkData.json */,
			);
			path = Resources;
			sourceTree = "<group>";
		};
		48982C5E2B72F1B90084254F /* Models */ = {
			isa = PBXGroup;
			children = (
				48982C5F2B72F1E20084254F /* Hike.swift */,
				48982C612B72F1F30084254F /* Landmark.swift */,
				48982C632B72F2040084254F /* ModelData.swift */,
			);
			path = Models;
			sourceTree = "<group>";
		};
		48982C652B72F21C0084254F /* Views */ = {
			isa = PBXGroup;
			children = (
				48982C882B72F5140084254F /* Categories */,
				48982C812B72F4D30084254F /* Landmarks */,
				48982C782B72F4670084254F /* Hikes */,
				48982C712B72F3C60084254F /* Helpers */,
				48982C662B72F23E0084254F /* Badge */,
			);
			path = Views;
			sourceTree = "<group>";
		};
		48982C662B72F23E0084254F /* Badge */ = {
			isa = PBXGroup;
			children = (
				48982C672B72F2570084254F /* Badge.swift */,
				48982C692B72F2710084254F /* BadgeBackground.swift */,
				48982C6B2B72F35B0084254F /* BadgeSymbol.swift */,
				48982C6D2B72F39C0084254F /* HexagonParameters.swift */,
				48982C6F2B72F3B40084254F /* RotatedBadgeSymbol.swift */,
			);
			path = Badge;
			sourceTree = "<group>";
		};
		48982C712B72F3C60084254F /* Helpers */ = {
			isa = PBXGroup;
			children = (
				48982C722B72F3E90084254F /* CircleImage.swift */,
				48982C742B72F3F80084254F /*  FavoriteButton.swift */,
				48982C762B72F4090084254F /* MapView.swift */,
			);
			path = Helpers;
			sourceTree = "<group>";
		};
		48982C782B72F4670084254F /* Hikes */ = {
			isa = PBXGroup;
			children = (
				48982C792B72F4740084254F /* GraphCapsule.swift */,
				48982C7B2B72F4860084254F /* HikeDetail.swift */,
				48982C7D2B72F49A0084254F /* HikeGraph.swift */,
				48982C7F2B72F4C00084254F /* HikeView.swift */,
			);
			path = Hikes;
			sourceTree = "<group>";
		};
		48982C812B72F4D30084254F /* Landmarks */ = {
			isa = PBXGroup;
			children = (
				48982C822B72F4E10084254F /* LandmarkDetail.swift */,
				48982C842B72F4F30084254F /* LandmarkList.swift */,
				48982C862B72F5050084254F /* LandmarkRow.swift */,
			);
			path = Landmarks;
			sourceTree = "<group>";
		};
		48982C882B72F5140084254F /* Categories */ = {
			isa = PBXGroup;
			children = (
				48982C892B72F5220084254F /* CategoryHome.swift */,
				48982C8B2B72F5340084254F /* CategoryItem.swift */,
				48982C8D2B72F5430084254F /* CategoryRow.swift */,
			);
			path = Categories;
			sourceTree = "<group>";
		};
/* End PBXGroup section */

/* Begin PBXNativeTarget section */
		48982C462B72F06D0084254F /* TutorialApple */ = {
			isa = PBXNativeTarget;
			buildConfigurationList = 48982C552B72F0710084254F /* Build configuration list for PBXNativeTarget "TutorialApple" */;
			buildPhases = (
				48982C432B72F06D0084254F /* Sources */,
				48982C442B72F06D0084254F /* Frameworks */,
				48982C452B72F06D0084254F /* Resources */,
			);
			buildRules = (
			);
			dependencies = (
			);
			name = TutorialApple;
			productName = TutorialApple;
			productReference = 48982C472B72F06D0084254F /* TutorialApple.app */;
			productType = "com.apple.product-type.application";
		};
/* End PBXNativeTarget section */

/* Begin PBXProject section */
		48982C3F2B72F06D0084254F /* Project object */ = {
			isa = PBXProject;
			attributes = {
				BuildIndependentTargetsInParallel = 1;
				LastSwiftUpdateCheck = 1520;
				LastUpgradeCheck = 1520;
				TargetAttributes = {
					48982C462B72F06D0084254F = {
						CreatedOnToolsVersion = 15.2;
					};
				};
			};
			buildConfigurationList = 48982C422B72F06D0084254F /* Build configuration list for PBXProject "TutorialApple" */;
			compatibilityVersion = "Xcode 14.0";
			developmentRegion = en;
			hasScannedForEncodings = 0;
			knownRegions = (
				en,
				Base,
			);
			mainGroup = 48982C3E2B72F06D0084254F;
			productRefGroup = 48982C482B72F06D0084254F /* Products */;
			projectDirPath = "";
			projectRoot = "";
			targets = (
				48982C462B72F06D0084254F /* TutorialApple */,
			);
		};
/* End PBXProject section */

/* Begin PBXResourcesBuildPhase section */
		48982C452B72F06D0084254F /* Resources */ = {
			isa = PBXResourcesBuildPhase;
			buildActionMask = 2147483647;
			files = (
				48982C5D2B72F1910084254F /* hikeData.json in Resources */,
				48982C522B72F0710084254F /* Preview Assets.xcassets in Resources */,
				48982C4F2B72F0710084254F /* Assets.xcassets in Resources */,
				48982C5C2B72F1910084254F /* landmarkData.json in Resources */,
			);
			runOnlyForDeploymentPostprocessing = 0;
		};
/* End PBXResourcesBuildPhase section */

/* Begin PBXSourcesBuildPhase section */
		48982C432B72F06D0084254F /* Sources */ = {
			isa = PBXSourcesBuildPhase;
			buildActionMask = 2147483647;
			files = (
				48982C602B72F1E20084254F /* Hike.swift in Sources */,
				48982C8A2B72F5220084254F /* CategoryHome.swift in Sources */,
				48982C682B72F2570084254F /* Badge.swift in Sources */,
				48982C6A2B72F2710084254F /* BadgeBackground.swift in Sources */,
				48982C852B72F4F30084254F /* LandmarkList.swift in Sources */,
				48982C702B72F3B40084254F /* RotatedBadgeSymbol.swift in Sources */,
				48982C8E2B72F5430084254F /* CategoryRow.swift in Sources */,
				48982C832B72F4E10084254F /* LandmarkDetail.swift in Sources */,
				48982C772B72F4090084254F /* MapView.swift in Sources */,
				48982C802B72F4C00084254F /* HikeView.swift in Sources */,
				48982C752B72F3F80084254F /*  FavoriteButton.swift in Sources */,
				48982C7A2B72F4740084254F /* GraphCapsule.swift in Sources */,
				48982C6E2B72F39C0084254F /* HexagonParameters.swift in Sources */,
				48982C4D2B72F06D0084254F /* ContentView.swift in Sources */,
				48982C642B72F2040084254F /* ModelData.swift in Sources */,
				48982C6C2B72F35B0084254F /* BadgeSymbol.swift in Sources */,
				48982C732B72F3E90084254F /* CircleImage.swift in Sources */,
				48982C4B2B72F06D0084254F /* TutorialAppleApp.swift in Sources */,
				48982C7E2B72F49A0084254F /* HikeGraph.swift in Sources */,
				48982C622B72F1F30084254F /* Landmark.swift in Sources */,
				48982C872B72F5050084254F /* LandmarkRow.swift in Sources */,
				48982C8C2B72F5340084254F /* CategoryItem.swift in Sources */,
				48982C7C2B72F4860084254F /* HikeDetail.swift in Sources */,
			);
			runOnlyForDeploymentPostprocessing = 0;
		};
/* End PBXSourcesBuildPhase section */

/* Begin XCBuildConfiguration section */
		48982C532B72F0710084254F /* Debug */ = {
			isa = XCBuildConfiguration;
			buildSettings = {
				ALWAYS_SEARCH_USER_PATHS = NO;
				ASSETCATALOG_COMPILER_GENERATE_SWIFT_ASSET_SYMBOL_EXTENSIONS = YES;
				CLANG_ANALYZER_NONNULL = YES;
				CLANG_ANALYZER_NUMBER_OBJECT_CONVERSION = YES_AGGRESSIVE;
				CLANG_CXX_LANGUAGE_STANDARD = "gnu++20";
				CLANG_ENABLE_MODULES = YES;
				CLANG_ENABLE_OBJC_ARC = YES;
				CLANG_ENABLE_OBJC_WEAK = YES;
				CLANG_WARN_BLOCK_CAPTURE_AUTORELEASING = YES;
				CLANG_WARN_BOOL_CONVERSION = YES;
				CLANG_WARN_COMMA = YES;
				CLANG_WARN_CONSTANT_CONVERSION = YES;
				CLANG_WARN_DEPRECATED_OBJC_IMPLEMENTATIONS = YES;
				CLANG_WARN_DIRECT_OBJC_ISA_USAGE = YES_ERROR;
				CLANG_WARN_DOCUMENTATION_COMMENTS = YES;
				CLANG_WARN_EMPTY_BODY = YES;
				CLANG_WARN_ENUM_CONVERSION = YES;
				CLANG_WARN_INFINITE_RECURSION = YES;
				CLANG_WARN_INT_CONVERSION = YES;
				CLANG_WARN_NON_LITERAL_NULL_CONVERSION = YES;
				CLANG_WARN_OBJC_IMPLICIT_RETAIN_SELF = YES;
				CLANG_WARN_OBJC_LITERAL_CONVERSION = YES;
				CLANG_WARN_OBJC_ROOT_CLASS = YES_ERROR;
				CLANG_WARN_QUOTED_INCLUDE_IN_FRAMEWORK_HEADER = YES;
				CLANG_WARN_RANGE_LOOP_ANALYSIS = YES;
				CLANG_WARN_STRICT_PROTOTYPES = YES;
				CLANG_WARN_SUSPICIOUS_MOVE = YES;
				CLANG_WARN_UNGUARDED_AVAILABILITY = YES_AGGRESSIVE;
				CLANG_WARN_UNREACHABLE_CODE = YES;
				CLANG_WARN__DUPLICATE_METHOD_MATCH = YES;
				COPY_PHASE_STRIP = NO;
				DEBUG_INFORMATION_FORMAT = dwarf;
				ENABLE_STRICT_OBJC_MSGSEND = YES;
				ENABLE_TESTABILITY = YES;
				ENABLE_USER_SCRIPT_SANDBOXING = YES;
				GCC_C_LANGUAGE_STANDARD = gnu17;
				GCC_DYNAMIC_NO_PIC = NO;
				GCC_NO_COMMON_BLOCKS = YES;
				GCC_OPTIMIZATION_LEVEL = 0;
				GCC_PREPROCESSOR_DEFINITIONS = (
					"DEBUG=1",
					"$(inherited)",
				);
				GCC_WARN_64_TO_32_BIT_CONVERSION = YES;
				GCC_WARN_ABOUT_RETURN_TYPE = YES_ERROR;
				GCC_WARN_UNDECLARED_SELECTOR = YES;
				GCC_WARN_UNINITIALIZED_AUTOS = YES_AGGRESSIVE;
				GCC_WARN_UNUSED_FUNCTION = YES;
				GCC_WARN_UNUSED_VARIABLE = YES;
				IPHONEOS_DEPLOYMENT_TARGET = 17.2;
				LOCALIZATION_PREFERS_STRING_CATALOGS = YES;
				MTL_ENABLE_DEBUG_INFO = INCLUDE_SOURCE;
				MTL_FAST_MATH = YES;
				ONLY_ACTIVE_ARCH = YES;
				SDKROOT = iphoneos;
				SWIFT_ACTIVE_COMPILATION_CONDITIONS = "DEBUG $(inherited)";
				SWIFT_OPTIMIZATION_LEVEL = "-Onone";
			};
			name = Debug;
		};
		48982C542B72F0710084254F /* Release */ = {
			isa = XCBuildConfiguration;
			buildSettings = {
				ALWAYS_SEARCH_USER_PATHS = NO;
				ASSETCATALOG_COMPILER_GENERATE_SWIFT_ASSET_SYMBOL_EXTENSIONS = YES;
				CLANG_ANALYZER_NONNULL = YES;
				CLANG_ANALYZER_NUMBER_OBJECT_CONVERSION = YES_AGGRESSIVE;
				CLANG_CXX_LANGUAGE_STANDARD = "gnu++20";
				CLANG_ENABLE_MODULES = YES;
				CLANG_ENABLE_OBJC_ARC = YES;
				CLANG_ENABLE_OBJC_WEAK = YES;
				CLANG_WARN_BLOCK_CAPTURE_AUTORELEASING = YES;
				CLANG_WARN_BOOL_CONVERSION = YES;
				CLANG_WARN_COMMA = YES;
				CLANG_WARN_CONSTANT_CONVERSION = YES;
				CLANG_WARN_DEPRECATED_OBJC_IMPLEMENTATIONS = YES;
				CLANG_WARN_DIRECT_OBJC_ISA_USAGE = YES_ERROR;
				CLANG_WARN_DOCUMENTATION_COMMENTS = YES;
				CLANG_WARN_EMPTY_BODY = YES;
				CLANG_WARN_ENUM_CONVERSION = YES;
				CLANG_WARN_INFINITE_RECURSION = YES;
				CLANG_WARN_INT_CONVERSION = YES;
				CLANG_WARN_NON_LITERAL_NULL_CONVERSION = YES;
				CLANG_WARN_OBJC_IMPLICIT_RETAIN_SELF = YES;
				CLANG_WARN_OBJC_LITERAL_CONVERSION = YES;
				CLANG_WARN_OBJC_ROOT_CLASS = YES_ERROR;
				CLANG_WARN_QUOTED_INCLUDE_IN_FRAMEWORK_HEADER = YES;
				CLANG_WARN_RANGE_LOOP_ANALYSIS = YES;
				CLANG_WARN_STRICT_PROTOTYPES = YES;
				CLANG_WARN_SUSPICIOUS_MOVE = YES;
				CLANG_WARN_UNGUARDED_AVAILABILITY = YES_AGGRESSIVE;
				CLANG_WARN_UNREACHABLE_CODE = YES;
				CLANG_WARN__DUPLICATE_METHOD_MATCH = YES;
				COPY_PHASE_STRIP = NO;
				DEBUG_INFORMATION_FORMAT = "dwarf-with-dsym";
				ENABLE_NS_ASSERTIONS = NO;
				ENABLE_STRICT_OBJC_MSGSEND = YES;
				ENABLE_USER_SCRIPT_SANDBOXING = YES;
				GCC_C_LANGUAGE_STANDARD = gnu17;
				GCC_NO_COMMON_BLOCKS = YES;
				GCC_WARN_64_TO_32_BIT_CONVERSION = YES;
				GCC_WARN_ABOUT_RETURN_TYPE = YES_ERROR;
				GCC_WARN_UNDECLARED_SELECTOR = YES;
				GCC_WARN_UNINITIALIZED_AUTOS = YES_AGGRESSIVE;
				GCC_WARN_UNUSED_FUNCTION = YES;
				GCC_WARN_UNUSED_VARIABLE = YES;
				IPHONEOS_DEPLOYMENT_TARGET = 17.2;
				LOCALIZATION_PREFERS_STRING_CATALOGS = YES;
				MTL_ENABLE_DEBUG_INFO = NO;
				MTL_FAST_MATH = YES;
				SDKROOT = iphoneos;
				SWIFT_COMPILATION_MODE = wholemodule;
				VALIDATE_PRODUCT = YES;
			};
			name = Release;
		};
		48982C562B72F0710084254F /* Debug */ = {
			isa = XCBuildConfiguration;
			buildSettings = {
				ASSETCATALOG_COMPILER_APPICON_NAME = AppIcon;
				ASSETCATALOG_COMPILER_GLOBAL_ACCENT_COLOR_NAME = AccentColor;
				CODE_SIGN_STYLE = Automatic;
				CURRENT_PROJECT_VERSION = 1;
				DEVELOPMENT_ASSET_PATHS = "\"TutorialApple/Preview Content\"";
				DEVELOPMENT_TEAM = 7Q94L4HLT8;
				ENABLE_PREVIEWS = YES;
				GENERATE_INFOPLIST_FILE = YES;
				INFOPLIST_KEY_UIApplicationSceneManifest_Generation = YES;
				INFOPLIST_KEY_UIApplicationSupportsIndirectInputEvents = YES;
				INFOPLIST_KEY_UILaunchScreen_Generation = YES;
				INFOPLIST_KEY_UISupportedInterfaceOrientations_iPad = "UIInterfaceOrientationPortrait UIInterfaceOrientationPortraitUpsideDown UIInterfaceOrientationLandscapeLeft UIInterfaceOrientationLandscapeRight";
				INFOPLIST_KEY_UISupportedInterfaceOrientations_iPhone = "UIInterfaceOrientationPortrait UIInterfaceOrientationLandscapeLeft UIInterfaceOrientationLandscapeRight";
				LD_RUNPATH_SEARCH_PATHS = (
					"$(inherited)",
					"@executable_path/Frameworks",
				);
				MARKETING_VERSION = 1.0;
				PRODUCT_BUNDLE_IDENTIFIER = prettycrewcutyulia.TutorialApple;
				PRODUCT_NAME = "$(TARGET_NAME)";
				SWIFT_EMIT_LOC_STRINGS = YES;
				SWIFT_VERSION = 5.0;
				TARGETED_DEVICE_FAMILY = "1,2";
			};
			name = Debug;
		};
		48982C572B72F0710084254F /* Release */ = {
			isa = XCBuildConfiguration;
			buildSettings = {
				ASSETCATALOG_COMPILER_APPICON_NAME = AppIcon;
				ASSETCATALOG_COMPILER_GLOBAL_ACCENT_COLOR_NAME = AccentColor;
				CODE_SIGN_STYLE = Automatic;
				CURRENT_PROJECT_VERSION = 1;
				DEVELOPMENT_ASSET_PATHS = "\"TutorialApple/Preview Content\"";
				DEVELOPMENT_TEAM = 7Q94L4HLT8;
				ENABLE_PREVIEWS = YES;
				GENERATE_INFOPLIST_FILE = YES;
				INFOPLIST_KEY_UIApplicationSceneManifest_Generation = YES;
				INFOPLIST_KEY_UIApplicationSupportsIndirectInputEvents = YES;
				INFOPLIST_KEY_UILaunchScreen_Generation = YES;
				INFOPLIST_KEY_UISupportedInterfaceOrientations_iPad = "UIInterfaceOrientationPortrait UIInterfaceOrientationPortraitUpsideDown UIInterfaceOrientationLandscapeLeft UIInterfaceOrientationLandscapeRight";
				INFOPLIST_KEY_UISupportedInterfaceOrientations_iPhone = "UIInterfaceOrientationPortrait UIInterfaceOrientationLandscapeLeft UIInterfaceOrientationLandscapeRight";
				LD_RUNPATH_SEARCH_PATHS = (
					"$(inherited)",
					"@executable_path/Frameworks",
				);
				MARKETING_VERSION = 1.0;
				PRODUCT_BUNDLE_IDENTIFIER = prettycrewcutyulia.TutorialApple;
				PRODUCT_NAME = "$(TARGET_NAME)";
				SWIFT_EMIT_LOC_STRINGS = YES;
				SWIFT_VERSION = 5.0;
				TARGETED_DEVICE_FAMILY = "1,2";
			};
			name = Release;
		};
/* End XCBuildConfiguration section */

/* Begin XCConfigurationList section */
		48982C422B72F06D0084254F /* Build configuration list for PBXProject "TutorialApple" */ = {
			isa = XCConfigurationList;
			buildConfigurations = (
				48982C532B72F0710084254F /* Debug */,
				48982C542B72F0710084254F /* Release */,
			);
			defaultConfigurationIsVisible = 0;
			defaultConfigurationName = Release;
		};
		48982C552B72F0710084254F /* Build configuration list for PBXNativeTarget "TutorialApple" */ = {
			isa = XCConfigurationList;
			buildConfigurations = (
				48982C562B72F0710084254F /* Debug */,
				48982C572B72F0710084254F /* Release */,
			);
			defaultConfigurationIsVisible = 0;
			defaultConfigurationName = Release;
		};
/* End XCConfigurationList section */
	};
	rootObject = 48982C3F2B72F06D0084254F /* Project object */;
}
